// !$*UTF8*$!
{
	archiveVersion = 1;
	classes = {
	};
	objectVersion = 50;
	objects = {

/* Begin PBXBuildFile section */
		FAA41ACE25C6A2280003F867 /* AppDelegate.swift in Sources */ = {isa = PBXBuildFile; fileRef = FAA41ACD25C6A2280003F867 /* AppDelegate.swift */; };
		FAA41AD025C6A2280003F867 /* SceneDelegate.swift in Sources */ = {isa = PBXBuildFile; fileRef = FAA41ACF25C6A2280003F867 /* SceneDelegate.swift */; };
		FAA41AD225C6A2280003F867 /* NewOrderViewController.swift in Sources */ = {isa = PBXBuildFile; fileRef = FAA41AD125C6A2280003F867 /* NewOrderViewController.swift */; };
		FAA41AD725C6A22F0003F867 /* Assets.xcassets in Resources */ = {isa = PBXBuildFile; fileRef = FAA41AD625C6A22F0003F867 /* Assets.xcassets */; };
		FAA41ADA25C6A22F0003F867 /* LaunchScreen.storyboard in Resources */ = {isa = PBXBuildFile; fileRef = FAA41AD825C6A22F0003F867 /* LaunchScreen.storyboard */; };
		FAA41AE625C6B7480003F867 /* PastOrderViewController.swift in Sources */ = {isa = PBXBuildFile; fileRef = FAA41AE525C6B7480003F867 /* PastOrderViewController.swift */; };
		FAA41AE925C6B8030003F867 /* TabBarController.swift in Sources */ = {isa = PBXBuildFile; fileRef = FAA41AE825C6B8030003F867 /* TabBarController.swift */; };
/* End PBXBuildFile section */

/* Begin PBXFileReference section */
		FAA41ACA25C6A2280003F867 /* Bot-Shop.app */ = {isa = PBXFileReference; explicitFileType = wrapper.application; includeInIndex = 0; path = "Bot-Shop.app"; sourceTree = BUILT_PRODUCTS_DIR; };
		FAA41ACD25C6A2280003F867 /* AppDelegate.swift */ = {isa = PBXFileReference; lastKnownFileType = sourcecode.swift; path = AppDelegate.swift; sourceTree = "<group>"; };
		FAA41ACF25C6A2280003F867 /* SceneDelegate.swift */ = {isa = PBXFileReference; lastKnownFileType = sourcecode.swift; path = SceneDelegate.swift; sourceTree = "<group>"; };
		FAA41AD125C6A2280003F867 /* NewOrderViewController.swift */ = {isa = PBXFileReference; lastKnownFileType = sourcecode.swift; path = NewOrderViewController.swift; sourceTree = "<group>"; };
		FAA41AD625C6A22F0003F867 /* Assets.xcassets */ = {isa = PBXFileReference; lastKnownFileType = folder.assetcatalog; path = Assets.xcassets; sourceTree = "<group>"; };
		FAA41AD925C6A22F0003F867 /* Base */ = {isa = PBXFileReference; lastKnownFileType = file.storyboard; name = Base; path = Base.lproj/LaunchScreen.storyboard; sourceTree = "<group>"; };
		FAA41ADB25C6A22F0003F867 /* Info.plist */ = {isa = PBXFileReference; lastKnownFileType = text.plist.xml; path = Info.plist; sourceTree = "<group>"; };
		FAA41AE525C6B7480003F867 /* PastOrderViewController.swift */ = {isa = PBXFileReference; lastKnownFileType = sourcecode.swift; path = PastOrderViewController.swift; sourceTree = "<group>"; };
		FAA41AE825C6B8030003F867 /* TabBarController.swift */ = {isa = PBXFileReference; lastKnownFileType = sourcecode.swift; path = TabBarController.swift; sourceTree = "<group>"; };
/* End PBXFileReference section */

/* Begin PBXFrameworksBuildPhase section */
		FAA41AC725C6A2280003F867 /* Frameworks */ = {
			isa = PBXFrameworksBuildPhase;
			buildActionMask = 2147483647;
			files = (
			);
			runOnlyForDeploymentPostprocessing = 0;
		};
/* End PBXFrameworksBuildPhase section */

/* Begin PBXGroup section */
		FAA41AC125C6A2280003F867 = {
			isa = PBXGroup;
			children = (
				FAA41ACC25C6A2280003F867 /* Bot-Shop */,
				FAA41ACB25C6A2280003F867 /* Products */,
			);
			sourceTree = "<group>";
		};
		FAA41ACB25C6A2280003F867 /* Products */ = {
			isa = PBXGroup;
			children = (
				FAA41ACA25C6A2280003F867 /* Bot-Shop.app */,
			);
			name = Products;
			sourceTree = "<group>";
		};
		FAA41ACC25C6A2280003F867 /* Bot-Shop */ = {
			isa = PBXGroup;
			children = (
				FAA41ACD25C6A2280003F867 /* AppDelegate.swift */,
				FAA41ACF25C6A2280003F867 /* SceneDelegate.swift */,
				FAA41AD125C6A2280003F867 /* NewOrderViewController.swift */,
				FAA41AE525C6B7480003F867 /* PastOrderViewController.swift */,
				FAA41AE825C6B8030003F867 /* TabBarController.swift */,
				FAA41AD625C6A22F0003F867 /* Assets.xcassets */,
				FAA41AD825C6A22F0003F867 /* LaunchScreen.storyboard */,
				FAA41ADB25C6A22F0003F867 /* Info.plist */,
			);
			path = "Bot-Shop";
			sourceTree = "<group>";
		};
/* End PBXGroup section */

/* Begin PBXNativeTarget section */
		FAA41AC925C6A2280003F867 /* Bot-Shop */ = {
			isa = PBXNativeTarget;
			buildConfigurationList = FAA41ADE25C6A22F0003F867 /* Build configuration list for PBXNativeTarget "Bot-Shop" */;
			buildPhases = (
				FAA41AC625C6A2280003F867 /* Sources */,
				FAA41AC725C6A2280003F867 /* Frameworks */,
				FAA41AC825C6A2280003F867 /* Resources */,
			);
			buildRules = (
			);
			dependencies = (
			);
			name = "Bot-Shop";
			productName = "Bot-Shop";
			productReference = FAA41ACA25C6A2280003F867 /* Bot-Shop.app */;
			productType = "com.apple.product-type.application";
		};
/* End PBXNativeTarget section */

/* Begin PBXProject section */
		FAA41AC225C6A2280003F867 /* Project object */ = {
			isa = PBXProject;
			attributes = {
				LastSwiftUpdateCheck = 1220;
				LastUpgradeCheck = 1220;
				TargetAttributes = {
					FAA41AC925C6A2280003F867 = {
						CreatedOnToolsVersion = 12.2;
					};
				};
			};
			buildConfigurationList = FAA41AC525C6A2280003F867 /* Build configuration list for PBXProject "Bot-Shop" */;
			compatibilityVersion = "Xcode 9.3";
			developmentRegion = en;
			hasScannedForEncodings = 0;
			knownRegions = (
				en,
				Base,
			);
			mainGroup = FAA41AC125C6A2280003F867;
			productRefGroup = FAA41ACB25C6A2280003F867 /* Products */;
			projectDirPath = "";
			projectRoot = "";
			targets = (
				FAA41AC925C6A2280003F867 /* Bot-Shop */,
			);
		};
/* End PBXProject section */

/* Begin PBXResourcesBuildPhase section */
		FAA41AC825C6A2280003F867 /* Resources */ = {
			isa = PBXResourcesBuildPhase;
			buildActionMask = 2147483647;
			files = (
				FAA41ADA25C6A22F0003F867 /* LaunchScreen.storyboard in Resources */,
				FAA41AD725C6A22F0003F867 /* Assets.xcassets in Resources */,
			);
			runOnlyForDeploymentPostprocessing = 0;
		};
/* End PBXResourcesBuildPhase section */

/* Begin PBXSourcesBuildPhase section */
		FAA41AC625C6A2280003F867 /* Sources */ = {
			isa = PBXSourcesBuildPhase;
			buildActionMask = 2147483647;
			files = (
				FAA41AD225C6A2280003F867 /* NewOrderViewController.swift in Sources */,
				FAA41ACE25C6A2280003F867 /* AppDelegate.swift in Sources */,
				FAA41AD025C6A2280003F867 /* SceneDelegate.swift in Sources */,
				FAA41AE925C6B8030003F867 /* TabBarController.swift in Sources */,
				FAA41AE625C6B7480003F867 /* PastOrderViewController.swift in Sources */,
			);
			runOnlyForDeploymentPostprocessing = 0;
		};
/* End PBXSourcesBuildPhase section */

/* Begin PBXVariantGroup section */
		FAA41AD825C6A22F0003F867 /* LaunchScreen.storyboard */ = {
			isa = PBXVariantGroup;
			children = (
				FAA41AD925C6A22F0003F867 /* Base */,
			);
			name = LaunchScreen.storyboard;
			sourceTree = "<group>";
		};
/* End PBXVariantGroup section */

/* Begin XCBuildConfiguration section */
		FAA41ADC25C6A22F0003F867 /* Debug */ = {
			isa = XCBuildConfiguration;
			buildSettings = {
				ALWAYS_SEARCH_USER_PATHS = NO;
				CLANG_ANALYZER_NONNULL = YES;
				CLANG_ANALYZER_NUMBER_OBJECT_CONVERSION = YES_AGGRESSIVE;
				CLANG_CXX_LANGUAGE_STANDARD = "gnu++14";
				CLANG_CXX_LIBRARY = "libc++";
				CLANG_ENABLE_MODULES = YES;
				CLANG_ENABLE_OBJC_ARC = YES;
				CLANG_ENABLE_OBJC_WEAK = YES;
				CLANG_WARN_BLOCK_CAPTURE_AUTORELEASING = YES;
				CLANG_WARN_BOOL_CONVERSION = YES;
				CLANG_WARN_COMMA = YES;
				CLANG_WARN_CONSTANT_CONVERSION = YES;
				CLANG_WARN_DEPRECATED_OBJC_IMPLEMENTATIONS = YES;
				CLANG_WARN_DIRECT_OBJC_ISA_USAGE = YES_ERROR;
				CLANG_WARN_DOCUMENTATION_COMMENTS = YES;
				CLANG_WARN_EMPTY_BODY = YES;
				CLANG_WARN_ENUM_CONVERSION = YES;
				CLANG_WARN_INFINITE_RECURSION = YES;
				CLANG_WARN_INT_CONVERSION = YES;
				CLANG_WARN_NON_LITERAL_NULL_CONVERSION = YES;
				CLANG_WARN_OBJC_IMPLICIT_RETAIN_SELF = YES;
				CLANG_WARN_OBJC_LITERAL_CONVERSION = YES;
				CLANG_WARN_OBJC_ROOT_CLASS = YES_ERROR;
				CLANG_WARN_QUOTED_INCLUDE_IN_FRAMEWORK_HEADER = YES;
				CLANG_WARN_RANGE_LOOP_ANALYSIS = YES;
				CLANG_WARN_STRICT_PROTOTYPES = YES;
				CLANG_WARN_SUSPICIOUS_MOVE = YES;
				CLANG_WARN_UNGUARDED_AVAILABILITY = YES_AGGRESSIVE;
				CLANG_WARN_UNREACHABLE_CODE = YES;
				CLANG_WARN__DUPLICATE_METHOD_MATCH = YES;
				COPY_PHASE_STRIP = NO;
				DEBUG_INFORMATION_FORMAT = dwarf;
				ENABLE_STRICT_OBJC_MSGSEND = YES;
				ENABLE_TESTABILITY = YES;
				GCC_C_LANGUAGE_STANDARD = gnu11;
				GCC_DYNAMIC_NO_PIC = NO;
				GCC_NO_COMMON_BLOCKS = YES;
				GCC_OPTIMIZATION_LEVEL = 0;
				GCC_PREPROCESSOR_DEFINITIONS = (
					"DEBUG=1",
					"$(inherited)",
				);
				GCC_WARN_64_TO_32_BIT_CONVERSION = YES;
				GCC_WARN_ABOUT_RETURN_TYPE = YES_ERROR;
				GCC_WARN_UNDECLARED_SELECTOR = YES;
				GCC_WARN_UNINITIALIZED_AUTOS = YES_AGGRESSIVE;
				GCC_WARN_UNUSED_FUNCTION = YES;
				GCC_WARN_UNUSED_VARIABLE = YES;
				IPHONEOS_DEPLOYMENT_TARGET = 14.2;
				MTL_ENABLE_DEBUG_INFO = INCLUDE_SOURCE;
				MTL_FAST_MATH = YES;
				ONLY_ACTIVE_ARCH = YES;
				SDKROOT = iphoneos;
				SWIFT_ACTIVE_COMPILATION_CONDITIONS = DEBUG;
				SWIFT_OPTIMIZATION_LEVEL = "-Onone";
			};
			name = Debug;
		};
		FAA41ADD25C6A22F0003F867 /* Release */ = {
			isa = XCBuildConfiguration;
			buildSettings = {
				ALWAYS_SEARCH_USER_PATHS = NO;
				CLANG_ANALYZER_NONNULL = YES;
				CLANG_ANALYZER_NUMBER_OBJECT_CONVERSION = YES_AGGRESSIVE;
				CLANG_CXX_LANGUAGE_STANDARD = "gnu++14";
				CLANG_CXX_LIBRARY = "libc++";
				CLANG_ENABLE_MODULES = YES;
				CLANG_ENABLE_OBJC_ARC = YES;
				CLANG_ENABLE_OBJC_WEAK = YES;
				CLANG_WARN_BLOCK_CAPTURE_AUTORELEASING = YES;
				CLANG_WARN_BOOL_CONVERSION = YES;
				CLANG_WARN_COMMA = YES;
				CLANG_WARN_CONSTANT_CONVERSION = YES;
				CLANG_WARN_DEPRECATED_OBJC_IMPLEMENTATIONS = YES;
				CLANG_WARN_DIRECT_OBJC_ISA_USAGE = YES_ERROR;
				CLANG_WARN_DOCUMENTATION_COMMENTS = YES;
				CLANG_WARN_EMPTY_BODY = YES;
				CLANG_WARN_ENUM_CONVERSION = YES;
				CLANG_WARN_INFINITE_RECURSION = YES;
				CLANG_WARN_INT_CONVERSION = YES;
				CLANG_WARN_NON_LITERAL_NULL_CONVERSION = YES;
				CLANG_WARN_OBJC_IMPLICIT_RETAIN_SELF = YES;
				CLANG_WARN_OBJC_LITERAL_CONVERSION = YES;
				CLANG_WARN_OBJC_ROOT_CLASS = YES_ERROR;
				CLANG_WARN_QUOTED_INCLUDE_IN_FRAMEWORK_HEADER = YES;
				CLANG_WARN_RANGE_LOOP_ANALYSIS = YES;
				CLANG_WARN_STRICT_PROTOTYPES = YES;
				CLANG_WARN_SUSPICIOUS_MOVE = YES;
				CLANG_WARN_UNGUARDED_AVAILABILITY = YES_AGGRESSIVE;
				CLANG_WARN_UNREACHABLE_CODE = YES;
				CLANG_WARN__DUPLICATE_METHOD_MATCH = YES;
				COPY_PHASE_STRIP = NO;
				DEBUG_INFORMATION_FORMAT = "dwarf-with-dsym";
				ENABLE_NS_ASSERTIONS = NO;
				ENABLE_STRICT_OBJC_MSGSEND = YES;
				GCC_C_LANGUAGE_STANDARD = gnu11;
				GCC_NO_COMMON_BLOCKS = YES;
				GCC_WARN_64_TO_32_BIT_CONVERSION = YES;
				GCC_WARN_ABOUT_RETURN_TYPE = YES_ERROR;
				GCC_WARN_UNDECLARED_SELECTOR = YES;
				GCC_WARN_UNINITIALIZED_AUTOS = YES_AGGRESSIVE;
				GCC_WARN_UNUSED_FUNCTION = YES;
				GCC_WARN_UNUSED_VARIABLE = YES;
				IPHONEOS_DEPLOYMENT_TARGET = 14.2;
				MTL_ENABLE_DEBUG_INFO = NO;
				MTL_FAST_MATH = YES;
				SDKROOT = iphoneos;
				SWIFT_COMPILATION_MODE = wholemodule;
				SWIFT_OPTIMIZATION_LEVEL = "-O";
				VALIDATE_PRODUCT = YES;
			};
			name = Release;
		};
		FAA41ADF25C6A22F0003F867 /* Debug */ = {
			isa = XCBuildConfiguration;
			buildSettings = {
				ASSETCATALOG_COMPILER_APPICON_NAME = AppIcon;
				ASSETCATALOG_COMPILER_GLOBAL_ACCENT_COLOR_NAME = AccentColor;
				CODE_SIGN_STYLE = Automatic;
				DEVELOPMENT_TEAM = 573CM7Y6R3;
				INFOPLIST_FILE = "Bot-Shop/Info.plist";
				LD_RUNPATH_SEARCH_PATHS = (
					"$(inherited)",
					"@executable_path/Frameworks",
				);
				PRODUCT_BUNDLE_IDENTIFIER = "com.Bot-Shop";
				PRODUCT_NAME = "$(TARGET_NAME)";
				SWIFT_VERSION = 5.0;
				TARGETED_DEVICE_FAMILY = "1,2";
			};
			name = Debug;
		};
		FAA41AE025C6A22F0003F867 /* Release */ = {
			isa = XCBuildConfiguration;
			buildSettings = {
				ASSETCATALOG_COMPILER_APPICON_NAME = AppIcon;
				ASSETCATALOG_COMPILER_GLOBAL_ACCENT_COLOR_NAME = AccentColor;
				CODE_SIGN_STYLE = Automatic;
				DEVELOPMENT_TEAM = 573CM7Y6R3;
				INFOPLIST_FILE = "Bot-Shop/Info.plist";
				LD_RUNPATH_SEARCH_PATHS = (
					"$(inherited)",
					"@executable_path/Frameworks",
				);
				PRODUCT_BUNDLE_IDENTIFIER = "com.Bot-Shop";
				PRODUCT_NAME = "$(TARGET_NAME)";
				SWIFT_VERSION = 5.0;
				TARGETED_DEVICE_FAMILY = "1,2";
			};
			name = Release;
		};
/* End XCBuildConfiguration section */

/* Begin XCConfigurationList section */
		FAA41AC525C6A2280003F867 /* Build configuration list for PBXProject "Bot-Shop" */ = {
			isa = XCConfigurationList;
			buildConfigurations = (
				FAA41ADC25C6A22F0003F867 /* Debug */,
				FAA41ADD25C6A22F0003F867 /* Release */,
			);
			defaultConfigurationIsVisible = 0;
			defaultConfigurationName = Release;
		};
		FAA41ADE25C6A22F0003F867 /* Build configuration list for PBXNativeTarget "Bot-Shop" */ = {
			isa = XCConfigurationList;
			buildConfigurations = (
				FAA41ADF25C6A22F0003F867 /* Debug */,
				FAA41AE025C6A22F0003F867 /* Release */,
			);
			defaultConfigurationIsVisible = 0;
			defaultConfigurationName = Release;
		};
/* End XCConfigurationList section */
	};
	rootObject = FAA41AC225C6A2280003F867 /* Project object */;
}
